Microsoft Visual Studio Solution File, Format Version 12.00
# Visual Studio Version 16
VisualStudioVersion = 16.0.0.0
MinimumVisualStudioVersion = 16.0.0.0
Project("{9A19103F-16F7-4668-BE54-9A1E7A4F7556}") = "CarChecker", "CarChecker\CarChecker.csproj", "{67F17FC6-71D3-4911-984C-B5941E181CB0}"
EndProject
Project("{FAE04EC0-301F-11D3-BF4B-00C04F79EFBC}") = "CarChecker.Android", "CarChecker.Android\CarChecker.Android.csproj", "{BD312E9F-C29B-415A-932C-BA0911FB9F60}"
EndProject
Project("{FAE04EC0-301F-11D3-BF4B-00C04F79EFBC}") = "CarChecker.iOS", "CarChecker.iOS\CarChecker.iOS.csproj", "{797005BC-86D3-4C3B-8A1C-074AE39BE3C6}"
EndProject
Project("{9A19103F-16F7-4668-BE54-9A1E7A4F7556}") = "CarChecker.Windows", "CarChecker.Windows\CarChecker.Windows.csproj", "{40838DC0-12B5-4DB8-962D-48AAF4A0F726}"
EndProject
Project("{FAE04EC0-301F-11D3-BF4B-00C04F79EFBC}") = "CarChecker.macOS", "CarChecker.macOS\CarChecker.macOS.csproj", "{61DFA934-C18E-455F-8FDA-FB87B8E55A73}"
EndProject
Project("{9A19103F-16F7-4668-BE54-9A1E7A4F7556}") = "CarChecker.Shared", "CarChecker.Shared\CarChecker.Shared.csproj", "{4A430A39-7404-4730-8E8D-A15FC30D67C0}"
EndProject
Project("{9A19103F-16F7-4668-BE54-9A1E7A4F7556}") = "CarChecker.Server", "CarChecker.Server\CarChecker.Server.csproj", "{F397F6D1-4E83-47F8-9F8D-AE496D06677F}"
EndProject
Project("{9A19103F-16F7-4668-BE54-9A1E7A4F7556}") = "CarChecker.Client", "CarChecker.Client\CarChecker.Client.csproj", "{2036EB81-3F18-44CD-BFB3-B23F17C469BE}"
EndProject
Project("{FAE04EC0-301F-11D3-BF4B-00C04F79EFBC}") = "CarChecker.Components", "CarChecker.Components\CarChecker.Components.csproj", "{88603B83-6B7A-4A83-AF8B-079A6A476EB3}"
EndProject
Global
	GlobalSection(SolutionConfigurationPlatforms) = preSolution
		Debug|Any CPU = Debug|Any CPU
		Debug|iPhone = Debug|iPhone
		Debug|iPhoneSimulator = Debug|iPhoneSimulator
		Debug|x64 = Debug|x64
		Debug|x86 = Debug|x86
		Release|Any CPU = Release|Any CPU
		Release|iPhone = Release|iPhone
		Release|iPhoneSimulator = Release|iPhoneSimulator
		Release|x64 = Release|x64
		Release|x86 = Release|x86
	EndGlobalSection
	GlobalSection(ProjectConfigurationPlatforms) = postSolution
		{67F17FC6-71D3-4911-984C-B5941E181CB0}.Debug|Any CPU.ActiveCfg = Debug|Any CPU
		{67F17FC6-71D3-4911-984C-B5941E181CB0}.Debug|Any CPU.Build.0 = Debug|Any CPU
		{67F17FC6-71D3-4911-984C-B5941E181CB0}.Debug|iPhone.ActiveCfg = Debug|Any CPU
		{67F17FC6-71D3-4911-984C-B5941E181CB0}.Debug|iPhone.Build.0 = Debug|Any CPU
		{67F17FC6-71D3-4911-984C-B5941E181CB0}.Debug|iPhoneSimulator.ActiveCfg = Debug|Any CPU
		{67F17FC6-71D3-4911-984C-B5941E181CB0}.Debug|iPhoneSimulator.Build.0 = Debug|Any CPU
		{67F17FC6-71D3-4911-984C-B5941E181CB0}.Debug|x64.ActiveCfg = Debug|Any CPU
		{67F17FC6-71D3-4911-984C-B5941E181CB0}.Debug|x64.Build.0 = Debug|Any CPU
		{67F17FC6-71D3-4911-984C-B5941E181CB0}.Debug|x86.ActiveCfg = Debug|Any CPU
		{67F17FC6-71D3-4911-984C-B5941E181CB0}.Debug|x86.Build.0 = Debug|Any CPU
		{67F17FC6-71D3-4911-984C-B5941E181CB0}.Release|Any CPU.ActiveCfg = Release|Any CPU
		{67F17FC6-71D3-4911-984C-B5941E181CB0}.Release|Any CPU.Build.0 = Release|Any CPU
		{67F17FC6-71D3-4911-984C-B5941E181CB0}.Release|iPhone.ActiveCfg = Release|Any CPU
		{67F17FC6-71D3-4911-984C-B5941E181CB0}.Release|iPhone.Build.0 = Release|Any CPU
		{67F17FC6-71D3-4911-984C-B5941E181CB0}.Release|iPhoneSimulator.ActiveCfg = Release|Any CPU
		{67F17FC6-71D3-4911-984C-B5941E181CB0}.Release|iPhoneSimulator.Build.0 = Release|Any CPU
		{67F17FC6-71D3-4911-984C-B5941E181CB0}.Release|x64.ActiveCfg = Release|Any CPU
		{67F17FC6-71D3-4911-984C-B5941E181CB0}.Release|x64.Build.0 = Release|Any CPU
		{67F17FC6-71D3-4911-984C-B5941E181CB0}.Release|x86.ActiveCfg = Release|Any CPU
		{67F17FC6-71D3-4911-984C-B5941E181CB0}.Release|x86.Build.0 = Release|Any CPU
		{BD312E9F-C29B-415A-932C-BA0911FB9F60}.Debug|Any CPU.ActiveCfg = Debug|Any CPU
		{BD312E9F-C29B-415A-932C-BA0911FB9F60}.Debug|Any CPU.Build.0 = Debug|Any CPU
		{BD312E9F-C29B-415A-932C-BA0911FB9F60}.Debug|Any CPU.Deploy.0 = Debug|Any CPU
		{BD312E9F-C29B-415A-932C-BA0911FB9F60}.Debug|iPhone.ActiveCfg = Debug|Any CPU
		{BD312E9F-C29B-415A-932C-BA0911FB9F60}.Debug|iPhone.Build.0 = Debug|Any CPU
		{BD312E9F-C29B-415A-932C-BA0911FB9F60}.Debug|iPhone.Deploy.0 = Debug|Any CPU
		{BD312E9F-C29B-415A-932C-BA0911FB9F60}.Debug|iPhoneSimulator.ActiveCfg = Debug|Any CPU
		{BD312E9F-C29B-415A-932C-BA0911FB9F60}.Debug|iPhoneSimulator.Build.0 = Debug|Any CPU
		{BD312E9F-C29B-415A-932C-BA0911FB9F60}.Debug|iPhoneSimulator.Deploy.0 = Debug|Any CPU
		{BD312E9F-C29B-415A-932C-BA0911FB9F60}.Debug|x64.ActiveCfg = Debug|Any CPU
		{BD312E9F-C29B-415A-932C-BA0911FB9F60}.Debug|x64.Build.0 = Debug|Any CPU
		{BD312E9F-C29B-415A-932C-BA0911FB9F60}.Debug|x64.Deploy.0 = Debug|Any CPU
		{BD312E9F-C29B-415A-932C-BA0911FB9F60}.Debug|x86.ActiveCfg = Debug|Any CPU
		{BD312E9F-C29B-415A-932C-BA0911FB9F60}.Debug|x86.Build.0 = Debug|Any CPU
		{BD312E9F-C29B-415A-932C-BA0911FB9F60}.Debug|x86.Deploy.0 = Debug|Any CPU
		{BD312E9F-C29B-415A-932C-BA0911FB9F60}.Release|Any CPU.ActiveCfg = Release|Any CPU
		{BD312E9F-C29B-415A-932C-BA0911FB9F60}.Release|Any CPU.Build.0 = Release|Any CPU
		{BD312E9F-C29B-415A-932C-BA0911FB9F60}.Release|Any CPU.Deploy.0 = Release|Any CPU
		{BD312E9F-C29B-415A-932C-BA0911FB9F60}.Release|iPhone.ActiveCfg = Release|Any CPU
		{BD312E9F-C29B-415A-932C-BA0911FB9F60}.Release|iPhone.Build.0 = Release|Any CPU
		{BD312E9F-C29B-415A-932C-BA0911FB9F60}.Release|iPhone.Deploy.0 = Release|Any CPU
		{BD312E9F-C29B-415A-932C-BA0911FB9F60}.Release|iPhoneSimulator.ActiveCfg = Release|Any CPU
		{BD312E9F-C29B-415A-932C-BA0911FB9F60}.Release|iPhoneSimulator.Build.0 = Release|Any CPU
		{BD312E9F-C29B-415A-932C-BA0911FB9F60}.Release|iPhoneSimulator.Deploy.0 = Release|Any CPU
		{BD312E9F-C29B-415A-932C-BA0911FB9F60}.Release|x64.ActiveCfg = Release|Any CPU
		{BD312E9F-C29B-415A-932C-BA0911FB9F60}.Release|x64.Build.0 = Release|Any CPU
		{BD312E9F-C29B-415A-932C-BA0911FB9F60}.Release|x64.Deploy.0 = Release|Any CPU
		{BD312E9F-C29B-415A-932C-BA0911FB9F60}.Release|x86.ActiveCfg = Release|Any CPU
		{BD312E9F-C29B-415A-932C-BA0911FB9F60}.Release|x86.Build.0 = Release|Any CPU
		{BD312E9F-C29B-415A-932C-BA0911FB9F60}.Release|x86.Deploy.0 = Release|Any CPU
		{797005BC-86D3-4C3B-8A1C-074AE39BE3C6}.Debug|Any CPU.ActiveCfg = Debug|iPhone
		{797005BC-86D3-4C3B-8A1C-074AE39BE3C6}.Debug|iPhone.ActiveCfg = Debug|iPhone
		{797005BC-86D3-4C3B-8A1C-074AE39BE3C6}.Debug|iPhone.Build.0 = Debug|iPhone
		{797005BC-86D3-4C3B-8A1C-074AE39BE3C6}.Debug|iPhoneSimulator.ActiveCfg = Debug|iPhoneSimulator
		{797005BC-86D3-4C3B-8A1C-074AE39BE3C6}.Debug|iPhoneSimulator.Build.0 = Debug|iPhoneSimulator
		{797005BC-86D3-4C3B-8A1C-074AE39BE3C6}.Debug|x64.ActiveCfg = Debug|iPhone
		{797005BC-86D3-4C3B-8A1C-074AE39BE3C6}.Debug|x86.ActiveCfg = Debug|iPhone
		{797005BC-86D3-4C3B-8A1C-074AE39BE3C6}.Release|Any CPU.ActiveCfg = Release|iPhone
		{797005BC-86D3-4C3B-8A1C-074AE39BE3C6}.Release|iPhone.ActiveCfg = Release|iPhone
		{797005BC-86D3-4C3B-8A1C-074AE39BE3C6}.Release|iPhone.Build.0 = Release|iPhone
		{797005BC-86D3-4C3B-8A1C-074AE39BE3C6}.Release|iPhoneSimulator.ActiveCfg = Release|iPhoneSimulator
		{797005BC-86D3-4C3B-8A1C-074AE39BE3C6}.Release|iPhoneSimulator.Build.0 = Release|iPhoneSimulator
		{797005BC-86D3-4C3B-8A1C-074AE39BE3C6}.Release|x64.ActiveCfg = Release|iPhone
		{797005BC-86D3-4C3B-8A1C-074AE39BE3C6}.Release|x86.ActiveCfg = Release|iPhone
		{40838DC0-12B5-4DB8-962D-48AAF4A0F726}.Debug|Any CPU.ActiveCfg = Debug|Any CPU
		{40838DC0-12B5-4DB8-962D-48AAF4A0F726}.Debug|Any CPU.Build.0 = Debug|Any CPU
		{40838DC0-12B5-4DB8-962D-48AAF4A0F726}.Debug|iPhone.ActiveCfg = Debug|Any CPU
		{40838DC0-12B5-4DB8-962D-48AAF4A0F726}.Debug|iPhone.Build.0 = Debug|Any CPU
		{40838DC0-12B5-4DB8-962D-48AAF4A0F726}.Debug|iPhoneSimulator.ActiveCfg = Debug|Any CPU
		{40838DC0-12B5-4DB8-962D-48AAF4A0F726}.Debug|iPhoneSimulator.Build.0 = Debug|Any CPU
		{40838DC0-12B5-4DB8-962D-48AAF4A0F726}.Debug|x64.ActiveCfg = Debug|Any CPU
		{40838DC0-12B5-4DB8-962D-48AAF4A0F726}.Debug|x64.Build.0 = Debug|Any CPU
		{40838DC0-12B5-4DB8-962D-48AAF4A0F726}.Debug|x86.ActiveCfg = Debug|Any CPU
		{40838DC0-12B5-4DB8-962D-48AAF4A0F726}.Debug|x86.Build.0 = Debug|Any CPU
		{40838DC0-12B5-4DB8-962D-48AAF4A0F726}.Release|Any CPU.ActiveCfg = Release|Any CPU
		{40838DC0-12B5-4DB8-962D-48AAF4A0F726}.Release|Any CPU.Build.0 = Release|Any CPU
		{40838DC0-12B5-4DB8-962D-48AAF4A0F726}.Release|iPhone.ActiveCfg = Release|Any CPU
		{40838DC0-12B5-4DB8-962D-48AAF4A0F726}.Release|iPhone.Build.0 = Release|Any CPU
		{40838DC0-12B5-4DB8-962D-48AAF4A0F726}.Release|iPhoneSimulator.ActiveCfg = Release|Any CPU
		{40838DC0-12B5-4DB8-962D-48AAF4A0F726}.Release|iPhoneSimulator.Build.0 = Release|Any CPU
		{40838DC0-12B5-4DB8-962D-48AAF4A0F726}.Release|x64.ActiveCfg = Release|Any CPU
		{40838DC0-12B5-4DB8-962D-48AAF4A0F726}.Release|x64.Build.0 = Release|Any CPU
		{40838DC0-12B5-4DB8-962D-48AAF4A0F726}.Release|x86.ActiveCfg = Release|Any CPU
		{40838DC0-12B5-4DB8-962D-48AAF4A0F726}.Release|x86.Build.0 = Release|Any CPU
		{61DFA934-C18E-455F-8FDA-FB87B8E55A73}.Debug|Any CPU.ActiveCfg = Debug|Any CPU
		{61DFA934-C18E-455F-8FDA-FB87B8E55A73}.Debug|Any CPU.Build.0 = Debug|Any CPU
		{61DFA934-C18E-455F-8FDA-FB87B8E55A73}.Debug|iPhone.ActiveCfg = Debug|Any CPU
		{61DFA934-C18E-455F-8FDA-FB87B8E55A73}.Debug|iPhone.Build.0 = Debug|Any CPU
		{61DFA934-C18E-455F-8FDA-FB87B8E55A73}.Debug|iPhoneSimulator.ActiveCfg = Debug|Any CPU
		{61DFA934-C18E-455F-8FDA-FB87B8E55A73}.Debug|iPhoneSimulator.Build.0 = Debug|Any CPU
		{61DFA934-C18E-455F-8FDA-FB87B8E55A73}.Debug|x64.ActiveCfg = Debug|Any CPU
		{61DFA934-C18E-455F-8FDA-FB87B8E55A73}.Debug|x64.Build.0 = Debug|Any CPU
		{61DFA934-C18E-455F-8FDA-FB87B8E55A73}.Debug|x86.ActiveCfg = Debug|Any CPU
		{61DFA934-C18E-455F-8FDA-FB87B8E55A73}.Debug|x86.Build.0 = Debug|Any CPU
		{61DFA934-C18E-455F-8FDA-FB87B8E55A73}.Release|Any CPU.ActiveCfg = Release|Any CPU
		{61DFA934-C18E-455F-8FDA-FB87B8E55A73}.Release|Any CPU.Build.0 = Release|Any CPU
		{61DFA934-C18E-455F-8FDA-FB87B8E55A73}.Release|iPhone.ActiveCfg = Release|Any CPU
		{61DFA934-C18E-455F-8FDA-FB87B8E55A73}.Release|iPhone.Build.0 = Release|Any CPU
		{61DFA934-C18E-455F-8FDA-FB87B8E55A73}.Release|iPhoneSimulator.ActiveCfg = Release|Any CPU
		{61DFA934-C18E-455F-8FDA-FB87B8E55A73}.Release|iPhoneSimulator.Build.0 = Release|Any CPU
		{61DFA934-C18E-455F-8FDA-FB87B8E55A73}.Release|x64.ActiveCfg = Release|Any CPU
		{61DFA934-C18E-455F-8FDA-FB87B8E55A73}.Release|x64.Build.0 = Release|Any CPU
		{61DFA934-C18E-455F-8FDA-FB87B8E55A73}.Release|x86.ActiveCfg = Release|Any CPU
		{61DFA934-C18E-455F-8FDA-FB87B8E55A73}.Release|x86.Build.0 = Release|Any CPU
		{4A430A39-7404-4730-8E8D-A15FC30D67C0}.Debug|Any CPU.ActiveCfg = Debug|Any CPU
		{4A430A39-7404-4730-8E8D-A15FC30D67C0}.Debug|Any CPU.Build.0 = Debug|Any CPU
		{4A430A39-7404-4730-8E8D-A15FC30D67C0}.Debug|iPhone.ActiveCfg = Debug|Any CPU
		{4A430A39-7404-4730-8E8D-A15FC30D67C0}.Debug|iPhone.Build.0 = Debug|Any CPU
		{4A430A39-7404-4730-8E8D-A15FC30D67C0}.Debug|iPhoneSimulator.ActiveCfg = Debug|Any CPU
		{4A430A39-7404-4730-8E8D-A15FC30D67C0}.Debug|iPhoneSimulator.Build.0 = Debug|Any CPU
		{4A430A39-7404-4730-8E8D-A15FC30D67C0}.Debug|x64.ActiveCfg = Debug|Any CPU
		{4A430A39-7404-4730-8E8D-A15FC30D67C0}.Debug|x64.Build.0 = Debug|Any CPU
		{4A430A39-7404-4730-8E8D-A15FC30D67C0}.Debug|x86.ActiveCfg = Debug|Any CPU
		{4A430A39-7404-4730-8E8D-A15FC30D67C0}.Debug|x86.Build.0 = Debug|Any CPU
		{4A430A39-7404-4730-8E8D-A15FC30D67C0}.Release|Any CPU.ActiveCfg = Release|Any CPU
		{4A430A39-7404-4730-8E8D-A15FC30D67C0}.Release|Any CPU.Build.0 = Release|Any CPU
		{4A430A39-7404-4730-8E8D-A15FC30D67C0}.Release|iPhone.ActiveCfg = Release|Any CPU
		{4A430A39-7404-4730-8E8D-A15FC30D67C0}.Release|iPhone.Build.0 = Release|Any CPU
		{4A430A39-7404-4730-8E8D-A15FC30D67C0}.Release|iPhoneSimulator.ActiveCfg = Release|Any CPU
		{4A430A39-7404-4730-8E8D-A15FC30D67C0}.Release|iPhoneSimulator.Build.0 = Release|Any CPU
		{4A430A39-7404-4730-8E8D-A15FC30D67C0}.Release|x64.ActiveCfg = Release|Any CPU
		{4A430A39-7404-4730-8E8D-A15FC30D67C0}.Release|x64.Build.0 = Release|Any CPU
		{4A430A39-7404-4730-8E8D-A15FC30D67C0}.Release|x86.ActiveCfg = Release|Any CPU
		{4A430A39-7404-4730-8E8D-A15FC30D67C0}.Release|x86.Build.0 = Release|Any CPU
		{F397F6D1-4E83-47F8-9F8D-AE496D06677F}.Debug|Any CPU.ActiveCfg = Debug|Any CPU
		{F397F6D1-4E83-47F8-9F8D-AE496D06677F}.Debug|Any CPU.Build.0 = Debug|Any CPU
		{F397F6D1-4E83-47F8-9F8D-AE496D06677F}.Debug|iPhone.ActiveCfg = Debug|Any CPU
		{F397F6D1-4E83-47F8-9F8D-AE496D06677F}.Debug|iPhone.Build.0 = Debug|Any CPU
		{F397F6D1-4E83-47F8-9F8D-AE496D06677F}.Debug|iPhoneSimulator.ActiveCfg = Debug|Any CPU
		{F397F6D1-4E83-47F8-9F8D-AE496D06677F}.Debug|iPhoneSimulator.Build.0 = Debug|Any CPU
		{F397F6D1-4E83-47F8-9F8D-AE496D06677F}.Debug|x64.ActiveCfg = Debug|Any CPU
		{F397F6D1-4E83-47F8-9F8D-AE496D06677F}.Debug|x64.Build.0 = Debug|Any CPU
		{F397F6D1-4E83-47F8-9F8D-AE496D06677F}.Debug|x86.ActiveCfg = Debug|Any CPU
		{F397F6D1-4E83-47F8-9F8D-AE496D06677F}.Debug|x86.Build.0 = Debug|Any CPU
		{F397F6D1-4E83-47F8-9F8D-AE496D06677F}.Release|Any CPU.ActiveCfg = Release|Any CPU
		{F397F6D1-4E83-47F8-9F8D-AE496D06677F}.Release|Any CPU.Build.0 = Release|Any CPU
		{F397F6D1-4E83-47F8-9F8D-AE496D06677F}.Release|iPhone.ActiveCfg = Release|Any CPU
		{F397F6D1-4E83-47F8-9F8D-AE496D06677F}.Release|iPhone.Build.0 = Release|Any CPU
		{F397F6D1-4E83-47F8-9F8D-AE496D06677F}.Release|iPhoneSimulator.ActiveCfg = Release|Any CPU
		{F397F6D1-4E83-47F8-9F8D-AE496D06677F}.Release|iPhoneSimulator.Build.0 = Release|Any CPU
		{F397F6D1-4E83-47F8-9F8D-AE496D06677F}.Release|x64.ActiveCfg = Release|Any CPU
		{F397F6D1-4E83-47F8-9F8D-AE496D06677F}.Release|x64.Build.0 = Release|Any CPU
		{F397F6D1-4E83-47F8-9F8D-AE496D06677F}.Release|x86.ActiveCfg = Release|Any CPU
		{F397F6D1-4E83-47F8-9F8D-AE496D06677F}.Release|x86.Build.0 = Release|Any CPU
		{2036EB81-3F18-44CD-BFB3-B23F17C469BE}.Debug|Any CPU.ActiveCfg = Debug|Any CPU
		{2036EB81-3F18-44CD-BFB3-B23F17C469BE}.Debug|Any CPU.Build.0 = Debug|Any CPU
		{2036EB81-3F18-44CD-BFB3-B23F17C469BE}.Debug|iPhone.ActiveCfg = Debug|Any CPU
		{2036EB81-3F18-44CD-BFB3-B23F17C469BE}.Debug|iPhone.Build.0 = Debug|Any CPU
		{2036EB81-3F18-44CD-BFB3-B23F17C469BE}.Debug|iPhoneSimulator.ActiveCfg = Debug|Any CPU
		{2036EB81-3F18-44CD-BFB3-B23F17C469BE}.Debug|iPhoneSimulator.Build.0 = Debug|Any CPU
		{2036EB81-3F18-44CD-BFB3-B23F17C469BE}.Debug|x64.ActiveCfg = Debug|Any CPU
		{2036EB81-3F18-44CD-BFB3-B23F17C469BE}.Debug|x64.Build.0 = Debug|Any CPU
		{2036EB81-3F18-44CD-BFB3-B23F17C469BE}.Debug|x86.ActiveCfg = Debug|Any CPU
		{2036EB81-3F18-44CD-BFB3-B23F17C469BE}.Debug|x86.Build.0 = Debug|Any CPU
		{2036EB81-3F18-44CD-BFB3-B23F17C469BE}.Release|Any CPU.ActiveCfg = Release|Any CPU
		{2036EB81-3F18-44CD-BFB3-B23F17C469BE}.Release|Any CPU.Build.0 = Release|Any CPU
		{2036EB81-3F18-44CD-BFB3-B23F17C469BE}.Release|iPhone.ActiveCfg = Release|Any CPU
		{2036EB81-3F18-44CD-BFB3-B23F17C469BE}.Release|iPhone.Build.0 = Release|Any CPU
		{2036EB81-3F18-44CD-BFB3-B23F17C469BE}.Release|iPhoneSimulator.ActiveCfg = Release|Any CPU
		{2036EB81-3F18-44CD-BFB3-B23F17C469BE}.Release|iPhoneSimulator.Build.0 = Release|Any CPU
		{2036EB81-3F18-44CD-BFB3-B23F17C469BE}.Release|x64.ActiveCfg = Release|Any CPU
		{2036EB81-3F18-44CD-BFB3-B23F17C469BE}.Release|x64.Build.0 = Release|Any CPU
		{2036EB81-3F18-44CD-BFB3-B23F17C469BE}.Release|x86.ActiveCfg = Release|Any CPU
		{2036EB81-3F18-44CD-BFB3-B23F17C469BE}.Release|x86.Build.0 = Release|Any CPU
		{88603B83-6B7A-4A83-AF8B-079A6A476EB3}.Debug|Any CPU.ActiveCfg = Debug|Any CPU
		{88603B83-6B7A-4A83-AF8B-079A6A476EB3}.Debug|Any CPU.Build.0 = Debug|Any CPU
		{88603B83-6B7A-4A83-AF8B-079A6A476EB3}.Debug|iPhone.ActiveCfg = Debug|Any CPU
		{88603B83-6B7A-4A83-AF8B-079A6A476EB3}.Debug|iPhone.Build.0 = Debug|Any CPU
		{88603B83-6B7A-4A83-AF8B-079A6A476EB3}.Debug|iPhoneSimulator.ActiveCfg = Debug|Any CPU
		{88603B83-6B7A-4A83-AF8B-079A6A476EB3}.Debug|iPhoneSimulator.Build.0 = Debug|Any CPU
		{88603B83-6B7A-4A83-AF8B-079A6A476EB3}.Debug|x64.ActiveCfg = Debug|Any CPU
		{88603B83-6B7A-4A83-AF8B-079A6A476EB3}.Debug|x64.Build.0 = Debug|Any CPU
		{88603B83-6B7A-4A83-AF8B-079A6A476EB3}.Debug|x86.ActiveCfg = Debug|Any CPU
		{88603B83-6B7A-4A83-AF8B-079A6A476EB3}.Debug|x86.Build.0 = Debug|Any CPU
		{88603B83-6B7A-4A83-AF8B-079A6A476EB3}.Release|Any CPU.ActiveCfg = Release|Any CPU
		{88603B83-6B7A-4A83-AF8B-079A6A476EB3}.Release|Any CPU.Build.0 = Release|Any CPU
		{88603B83-6B7A-4A83-AF8B-079A6A476EB3}.Release|iPhone.ActiveCfg = Release|Any CPU
		{88603B83-6B7A-4A83-AF8B-079A6A476EB3}.Release|iPhone.Build.0 = Release|Any CPU
		{88603B83-6B7A-4A83-AF8B-079A6A476EB3}.Release|iPhoneSimulator.ActiveCfg = Release|Any CPU
		{88603B83-6B7A-4A83-AF8B-079A6A476EB3}.Release|iPhoneSimulator.Build.0 = Release|Any CPU
		{88603B83-6B7A-4A83-AF8B-079A6A476EB3}.Release|x64.ActiveCfg = Release|Any CPU
		{88603B83-6B7A-4A83-AF8B-079A6A476EB3}.Release|x64.Build.0 = Release|Any CPU
		{88603B83-6B7A-4A83-AF8B-079A6A476EB3}.Release|x86.ActiveCfg = Release|Any CPU
		{88603B83-6B7A-4A83-AF8B-079A6A476EB3}.Release|x86.Build.0 = Release|Any CPU
	EndGlobalSection
	GlobalSection(SolutionProperties) = preSolution
		HideSolutionNode = FALSE
	EndGlobalSection
	GlobalSection(ExtensibilityGlobals) = postSolution
		SolutionGuid = {A8D9FAA7-4218-4A6D-B448-58371BB6AD30}
	EndGlobalSection
EndGlobal
